
Microsoft Visual Studio Solution File, Format Version 12.00
# Visual Studio Version 17
VisualStudioVersion = 17.0.31903.59
MinimumVisualStudioVersion = 10.0.40219.1
Project("{2150E333-8FDC-42A3-9474-1A3956D46DE8}") = "Avalonia", "Avalonia", "{DA5C3214-5362-D53D-7EE1-7B72DB27BE75}"
EndProject
Project("{FAE04EC0-301F-11D3-BF4B-00C04F79EFBC}") = "GottaManagePlus", "Avalonia\GottaManagePlus.csproj", "{6FDFC82E-EC3D-4E2B-A748-76B863266E55}"
EndProject
Project("{2150E333-8FDC-42A3-9474-1A3956D46DE8}") = "Tests", "Tests", "{0AB3BF05-4346-4AA6-1389-037BE0695223}"
EndProject
Project("{FAE04EC0-301F-11D3-BF4B-00C04F79EFBC}") = "GottaManagePlus.Tests", "Tests\GottaManagePlus.Tests\GottaManagePlus.Tests.csproj", "{383979BD-7AC6-479D-A04C-943628A2FE83}"
EndProject
Global
	GlobalSection(SolutionConfigurationPlatforms) = preSolution
		Debug|Any CPU = Debug|Any CPU
		Debug|x64 = Debug|x64
		Debug|x86 = Debug|x86
		Release|Any CPU = Release|Any CPU
		Release|x64 = Release|x64
		Release|x86 = Release|x86
	EndGlobalSection
	GlobalSection(ProjectConfigurationPlatforms) = postSolution
		{6FDFC82E-EC3D-4E2B-A748-76B863266E55}.Debug|Any CPU.ActiveCfg = Debug|Any CPU
		{6FDFC82E-EC3D-4E2B-A748-76B863266E55}.Debug|Any CPU.Build.0 = Debug|Any CPU
		{6FDFC82E-EC3D-4E2B-A748-76B863266E55}.Debug|x64.ActiveCfg = Debug|Any CPU
		{6FDFC82E-EC3D-4E2B-A748-76B863266E55}.Debug|x64.Build.0 = Debug|Any CPU
		{6FDFC82E-EC3D-4E2B-A748-76B863266E55}.Debug|x86.ActiveCfg = Debug|Any CPU
		{6FDFC82E-EC3D-4E2B-A748-76B863266E55}.Debug|x86.Build.0 = Debug|Any CPU
		{6FDFC82E-EC3D-4E2B-A748-76B863266E55}.Release|Any CPU.ActiveCfg = Release|Any CPU
		{6FDFC82E-EC3D-4E2B-A748-76B863266E55}.Release|Any CPU.Build.0 = Release|Any CPU
		{6FDFC82E-EC3D-4E2B-A748-76B863266E55}.Release|x64.ActiveCfg = Release|Any CPU
		{6FDFC82E-EC3D-4E2B-A748-76B863266E55}.Release|x64.Build.0 = Release|Any CPU
		{6FDFC82E-EC3D-4E2B-A748-76B863266E55}.Release|x86.ActiveCfg = Release|Any CPU
		{6FDFC82E-EC3D-4E2B-A748-76B863266E55}.Release|x86.Build.0 = Release|Any CPU
		{383979BD-7AC6-479D-A04C-943628A2FE83}.Debug|Any CPU.ActiveCfg = Debug|Any CPU
		{383979BD-7AC6-479D-A04C-943628A2FE83}.Debug|Any CPU.Build.0 = Debug|Any CPU
		{383979BD-7AC6-479D-A04C-943628A2FE83}.Debug|x64.ActiveCfg = Debug|Any CPU
		{383979BD-7AC6-479D-A04C-943628A2FE83}.Debug|x64.Build.0 = Debug|Any CPU
		{383979BD-7AC6-479D-A04C-943628A2FE83}.Debug|x86.ActiveCfg = Debug|Any CPU
		{383979BD-7AC6-479D-A04C-943628A2FE83}.Debug|x86.Build.0 = Debug|Any CPU
		{383979BD-7AC6-479D-A04C-943628A2FE83}.Release|Any CPU.ActiveCfg = Release|Any CPU
		{383979BD-7AC6-479D-A04C-943628A2FE83}.Release|Any CPU.Build.0 = Release|Any CPU
		{383979BD-7AC6-479D-A04C-943628A2FE83}.Release|x64.ActiveCfg = Release|Any CPU
		{383979BD-7AC6-479D-A04C-943628A2FE83}.Release|x64.Build.0 = Release|Any CPU
		{383979BD-7AC6-479D-A04C-943628A2FE83}.Release|x86.ActiveCfg = Release|Any CPU
		{383979BD-7AC6-479D-A04C-943628A2FE83}.Release|x86.Build.0 = Release|Any CPU
	EndGlobalSection
	GlobalSection(SolutionProperties) = preSolution
		HideSolutionNode = FALSE
	EndGlobalSection
	GlobalSection(NestedProjects) = preSolution
		{6FDFC82E-EC3D-4E2B-A748-76B863266E55} = {DA5C3214-5362-D53D-7EE1-7B72DB27BE75}
		{383979BD-7AC6-479D-A04C-943628A2FE83} = {0AB3BF05-4346-4AA6-1389-037BE0695223}
	EndGlobalSection
EndGlobal
